// !$*UTF8*$!
{
	archiveVersion = 1;
	classes = {
	};
	objectVersion = 56;
	objects = {

/* Begin PBXBuildFile section */
		734DD9B22AA79639002C5D9E /* AppDelegate.swift in Sources */ = {isa = PBXBuildFile; fileRef = 734DD9B12AA79639002C5D9E /* AppDelegate.swift */; };
		734DD9B42AA79639002C5D9E /* SceneDelegate.swift in Sources */ = {isa = PBXBuildFile; fileRef = 734DD9B32AA79639002C5D9E /* SceneDelegate.swift */; };
		734DD9B62AA79639002C5D9E /* ViewController.swift in Sources */ = {isa = PBXBuildFile; fileRef = 734DD9B52AA79639002C5D9E /* ViewController.swift */; };
		734DD9B92AA7963A002C5D9E /* Main.storyboard in Resources */ = {isa = PBXBuildFile; fileRef = 734DD9B72AA7963A002C5D9E /* Main.storyboard */; };
		734DD9BB2AA7963A002C5D9E /* Assets.xcassets in Resources */ = {isa = PBXBuildFile; fileRef = 734DD9BA2AA7963A002C5D9E /* Assets.xcassets */; };
		734DD9BE2AA7963A002C5D9E /* LaunchScreen.storyboard in Resources */ = {isa = PBXBuildFile; fileRef = 734DD9BC2AA7963A002C5D9E /* LaunchScreen.storyboard */; };
		734DD9C92AA7963A002C5D9E /* FirstProjectTests.swift in Sources */ = {isa = PBXBuildFile; fileRef = 734DD9C82AA7963A002C5D9E /* FirstProjectTests.swift */; };
		734DD9D32AA7963A002C5D9E /* FirstProjectUITests.swift in Sources */ = {isa = PBXBuildFile; fileRef = 734DD9D22AA7963A002C5D9E /* FirstProjectUITests.swift */; };
		734DD9D52AA7963A002C5D9E /* FirstProjectUITestsLaunchTests.swift in Sources */ = {isa = PBXBuildFile; fileRef = 734DD9D42AA7963A002C5D9E /* FirstProjectUITestsLaunchTests.swift */; };
		73D324DA2AA8D9EE008D778B /* TableViewController.swift in Sources */ = {isa = PBXBuildFile; fileRef = 73D324D92AA8D9EE008D778B /* TableViewController.swift */; };
/* End PBXBuildFile section */

/* Begin PBXContainerItemProxy section */
		734DD9C52AA7963A002C5D9E /* PBXContainerItemProxy */ = {
			isa = PBXContainerItemProxy;
			containerPortal = 734DD9A62AA79639002C5D9E /* Project object */;
			proxyType = 1;
			remoteGlobalIDString = 734DD9AD2AA79639002C5D9E;
			remoteInfo = FirstProject;
		};
		734DD9CF2AA7963A002C5D9E /* PBXContainerItemProxy */ = {
			isa = PBXContainerItemProxy;
			containerPortal = 734DD9A62AA79639002C5D9E /* Project object */;
			proxyType = 1;
			remoteGlobalIDString = 734DD9AD2AA79639002C5D9E;
			remoteInfo = FirstProject;
		};
/* End PBXContainerItemProxy section */

/* Begin PBXFileReference section */
		734DD9AE2AA79639002C5D9E /* FirstProject.app */ = {isa = PBXFileReference; explicitFileType = wrapper.application; includeInIndex = 0; path = FirstProject.app; sourceTree = BUILT_PRODUCTS_DIR; };
		734DD9B12AA79639002C5D9E /* AppDelegate.swift */ = {isa = PBXFileReference; lastKnownFileType = sourcecode.swift; path = AppDelegate.swift; sourceTree = "<group>"; };
		734DD9B32AA79639002C5D9E /* SceneDelegate.swift */ = {isa = PBXFileReference; lastKnownFileType = sourcecode.swift; path = SceneDelegate.swift; sourceTree = "<group>"; };
		734DD9B52AA79639002C5D9E /* ViewController.swift */ = {isa = PBXFileReference; lastKnownFileType = sourcecode.swift; path = ViewController.swift; sourceTree = "<group>"; };
		734DD9B82AA7963A002C5D9E /* Base */ = {isa = PBXFileReference; lastKnownFileType = file.storyboard; name = Base; path = Base.lproj/Main.storyboard; sourceTree = "<group>"; };
		734DD9BA2AA7963A002C5D9E /* Assets.xcassets */ = {isa = PBXFileReference; lastKnownFileType = folder.assetcatalog; path = Assets.xcassets; sourceTree = "<group>"; };
		734DD9BD2AA7963A002C5D9E /* Base */ = {isa = PBXFileReference; lastKnownFileType = file.storyboard; name = Base; path = Base.lproj/LaunchScreen.storyboard; sourceTree = "<group>"; };
		734DD9BF2AA7963A002C5D9E /* Info.plist */ = {isa = PBXFileReference; lastKnownFileType = text.plist.xml; path = Info.plist; sourceTree = "<group>"; };
		734DD9C42AA7963A002C5D9E /* FirstProjectTests.xctest */ = {isa = PBXFileReference; explicitFileType = wrapper.cfbundle; includeInIndex = 0; path = FirstProjectTests.xctest; sourceTree = BUILT_PRODUCTS_DIR; };
		734DD9C82AA7963A002C5D9E /* FirstProjectTests.swift */ = {isa = PBXFileReference; lastKnownFileType = sourcecode.swift; path = FirstProjectTests.swift; sourceTree = "<group>"; };
		734DD9CE2AA7963A002C5D9E /* FirstProjectUITests.xctest */ = {isa = PBXFileReference; explicitFileType = wrapper.cfbundle; includeInIndex = 0; path = FirstProjectUITests.xctest; sourceTree = BUILT_PRODUCTS_DIR; };
		734DD9D22AA7963A002C5D9E /* FirstProjectUITests.swift */ = {isa = PBXFileReference; lastKnownFileType = sourcecode.swift; path = FirstProjectUITests.swift; sourceTree = "<group>"; };
		734DD9D42AA7963A002C5D9E /* FirstProjectUITestsLaunchTests.swift */ = {isa = PBXFileReference; lastKnownFileType = sourcecode.swift; path = FirstProjectUITestsLaunchTests.swift; sourceTree = "<group>"; };
		73D324D92AA8D9EE008D778B /* TableViewController.swift */ = {isa = PBXFileReference; lastKnownFileType = sourcecode.swift; path = TableViewController.swift; sourceTree = "<group>"; };
/* End PBXFileReference section */

/* Begin PBXFrameworksBuildPhase section */
		734DD9AB2AA79639002C5D9E /* Frameworks */ = {
			isa = PBXFrameworksBuildPhase;
			buildActionMask = 2147483647;
			files = (
			);
			runOnlyForDeploymentPostprocessing = 0;
		};
		734DD9C12AA7963A002C5D9E /* Frameworks */ = {
			isa = PBXFrameworksBuildPhase;
			buildActionMask = 2147483647;
			files = (
			);
			runOnlyForDeploymentPostprocessing = 0;
		};
		734DD9CB2AA7963A002C5D9E /* Frameworks */ = {
			isa = PBXFrameworksBuildPhase;
			buildActionMask = 2147483647;
			files = (
			);
			runOnlyForDeploymentPostprocessing = 0;
		};
/* End PBXFrameworksBuildPhase section */

/* Begin PBXGroup section */
		734DD9A52AA79639002C5D9E = {
			isa = PBXGroup;
			children = (
				734DD9B02AA79639002C5D9E /* FirstProject */,
				734DD9C72AA7963A002C5D9E /* FirstProjectTests */,
				734DD9D12AA7963A002C5D9E /* FirstProjectUITests */,
				734DD9AF2AA79639002C5D9E /* Products */,
			);
			sourceTree = "<group>";
		};
		734DD9AF2AA79639002C5D9E /* Products */ = {
			isa = PBXGroup;
			children = (
				734DD9AE2AA79639002C5D9E /* FirstProject.app */,
				734DD9C42AA7963A002C5D9E /* FirstProjectTests.xctest */,
				734DD9CE2AA7963A002C5D9E /* FirstProjectUITests.xctest */,
			);
			name = Products;
			sourceTree = "<group>";
		};
		734DD9B02AA79639002C5D9E /* FirstProject */ = {
			isa = PBXGroup;
			children = (
				734DD9B12AA79639002C5D9E /* AppDelegate.swift */,
				734DD9B32AA79639002C5D9E /* SceneDelegate.swift */,
				734DD9B52AA79639002C5D9E /* ViewController.swift */,
				734DD9B72AA7963A002C5D9E /* Main.storyboard */,
				73D324D92AA8D9EE008D778B /* TableViewController.swift */,
				734DD9BA2AA7963A002C5D9E /* Assets.xcassets */,
				734DD9BC2AA7963A002C5D9E /* LaunchScreen.storyboard */,
				734DD9BF2AA7963A002C5D9E /* Info.plist */,
			);
			path = FirstProject;
			sourceTree = "<group>";
		};
		734DD9C72AA7963A002C5D9E /* FirstProjectTests */ = {
			isa = PBXGroup;
			children = (
				734DD9C82AA7963A002C5D9E /* FirstProjectTests.swift */,
			);
			path = FirstProjectTests;
			sourceTree = "<group>";
		};
		734DD9D12AA7963A002C5D9E /* FirstProjectUITests */ = {
			isa = PBXGroup;
			children = (
				734DD9D22AA7963A002C5D9E /* FirstProjectUITests.swift */,
				734DD9D42AA7963A002C5D9E /* FirstProjectUITestsLaunchTests.swift */,
			);
			path = FirstProjectUITests;
			sourceTree = "<group>";
		};
/* End PBXGroup section */

/* Begin PBXNativeTarget section */
		734DD9AD2AA79639002C5D9E /* FirstProject */ = {
			isa = PBXNativeTarget;
			buildConfigurationList = 734DD9D82AA7963A002C5D9E /* Build configuration list for PBXNativeTarget "FirstProject" */;
			buildPhases = (
				734DD9AA2AA79639002C5D9E /* Sources */,
				734DD9AB2AA79639002C5D9E /* Frameworks */,
				734DD9AC2AA79639002C5D9E /* Resources */,
			);
			buildRules = (
			);
			dependencies = (
			);
			name = FirstProject;
			productName = FirstProject;
			productReference = 734DD9AE2AA79639002C5D9E /* FirstProject.app */;
			productType = "com.apple.product-type.application";
		};
		734DD9C32AA7963A002C5D9E /* FirstProjectTests */ = {
			isa = PBXNativeTarget;
			buildConfigurationList = 734DD9DB2AA7963A002C5D9E /* Build configuration list for PBXNativeTarget "FirstProjectTests" */;
			buildPhases = (
				734DD9C02AA7963A002C5D9E /* Sources */,
				734DD9C12AA7963A002C5D9E /* Frameworks */,
				734DD9C22AA7963A002C5D9E /* Resources */,
			);
			buildRules = (
			);
			dependencies = (
				734DD9C62AA7963A002C5D9E /* PBXTargetDependency */,
			);
			name = FirstProjectTests;
			productName = FirstProjectTests;
			productReference = 734DD9C42AA7963A002C5D9E /* FirstProjectTests.xctest */;
			productType = "com.apple.product-type.bundle.unit-test";
		};
		734DD9CD2AA7963A002C5D9E /* FirstProjectUITests */ = {
			isa = PBXNativeTarget;
			buildConfigurationList = 734DD9DE2AA7963A002C5D9E /* Build configuration list for PBXNativeTarget "FirstProjectUITests" */;
			buildPhases = (
				734DD9CA2AA7963A002C5D9E /* Sources */,
				734DD9CB2AA7963A002C5D9E /* Frameworks */,
				734DD9CC2AA7963A002C5D9E /* Resources */,
			);
			buildRules = (
			);
			dependencies = (
				734DD9D02AA7963A002C5D9E /* PBXTargetDependency */,
			);
			name = FirstProjectUITests;
			productName = FirstProjectUITests;
			productReference = 734DD9CE2AA7963A002C5D9E /* FirstProjectUITests.xctest */;
			productType = "com.apple.product-type.bundle.ui-testing";
		};
/* End PBXNativeTarget section */

/* Begin PBXProject section */
		734DD9A62AA79639002C5D9E /* Project object */ = {
			isa = PBXProject;
			attributes = {
				BuildIndependentTargetsInParallel = 1;
				LastSwiftUpdateCheck = 1430;
				LastUpgradeCheck = 1430;
				TargetAttributes = {
					734DD9AD2AA79639002C5D9E = {
						CreatedOnToolsVersion = 14.3.1;
						LastSwiftMigration = 1430;
					};
					734DD9C32AA7963A002C5D9E = {
						CreatedOnToolsVersion = 14.3.1;
						TestTargetID = 734DD9AD2AA79639002C5D9E;
					};
					734DD9CD2AA7963A002C5D9E = {
						CreatedOnToolsVersion = 14.3.1;
						TestTargetID = 734DD9AD2AA79639002C5D9E;
					};
				};
			};
			buildConfigurationList = 734DD9A92AA79639002C5D9E /* Build configuration list for PBXProject "FirstProject" */;
			compatibilityVersion = "Xcode 14.0";
			developmentRegion = en;
			hasScannedForEncodings = 0;
			knownRegions = (
				en,
				Base,
			);
			mainGroup = 734DD9A52AA79639002C5D9E;
			productRefGroup = 734DD9AF2AA79639002C5D9E /* Products */;
			projectDirPath = "";
			projectRoot = "";
			targets = (
				734DD9AD2AA79639002C5D9E /* FirstProject */,
				734DD9C32AA7963A002C5D9E /* FirstProjectTests */,
				734DD9CD2AA7963A002C5D9E /* FirstProjectUITests */,
			);
		};
/* End PBXProject section */

/* Begin PBXResourcesBuildPhase section */
		734DD9AC2AA79639002C5D9E /* Resources */ = {
			isa = PBXResourcesBuildPhase;
			buildActionMask = 2147483647;
			files = (
				734DD9BE2AA7963A002C5D9E /* LaunchScreen.storyboard in Resources */,
				734DD9BB2AA7963A002C5D9E /* Assets.xcassets in Resources */,
				734DD9B92AA7963A002C5D9E /* Main.storyboard in Resources */,
			);
			runOnlyForDeploymentPostprocessing = 0;
		};
		734DD9C22AA7963A002C5D9E /* Resources */ = {
			isa = PBXResourcesBuildPhase;
			buildActionMask = 2147483647;
			files = (
			);
			runOnlyForDeploymentPostprocessing = 0;
		};
		734DD9CC2AA7963A002C5D9E /* Resources */ = {
			isa = PBXResourcesBuildPhase;
			buildActionMask = 2147483647;
			files = (
			);
			runOnlyForDeploymentPostprocessing = 0;
		};
/* End PBXResourcesBuildPhase section */

/* Begin PBXSourcesBuildPhase section */
		734DD9AA2AA79639002C5D9E /* Sources */ = {
			isa = PBXSourcesBuildPhase;
			buildActionMask = 2147483647;
			files = (
				734DD9B62AA79639002C5D9E /* ViewController.swift in Sources */,
				734DD9B22AA79639002C5D9E /* AppDelegate.swift in Sources */,
				734DD9B42AA79639002C5D9E /* SceneDelegate.swift in Sources */,
				73D324DA2AA8D9EE008D778B /* TableViewController.swift in Sources */,
			);
			runOnlyForDeploymentPostprocessing = 0;
		};
		734DD9C02AA7963A002C5D9E /* Sources */ = {
			isa = PBXSourcesBuildPhase;
			buildActionMask = 2147483647;
			files = (
				734DD9C92AA7963A002C5D9E /* FirstProjectTests.swift in Sources */,
			);
			runOnlyForDeploymentPostprocessing = 0;
		};
		734DD9CA2AA7963A002C5D9E /* Sources */ = {
			isa = PBXSourcesBuildPhase;
			buildActionMask = 2147483647;
			files = (
				734DD9D32AA7963A002C5D9E /* FirstProjectUITests.swift in Sources */,
				734DD9D52AA7963A002C5D9E /* FirstProjectUITestsLaunchTests.swift in Sources */,
			);
			runOnlyForDeploymentPostprocessing = 0;
		};
/* End PBXSourcesBuildPhase section */

/* Begin PBXTargetDependency section */
		734DD9C62AA7963A002C5D9E /* PBXTargetDependency */ = {
			isa = PBXTargetDependency;
			target = 734DD9AD2AA79639002C5D9E /* FirstProject */;
			targetProxy = 734DD9C52AA7963A002C5D9E /* PBXContainerItemProxy */;
		};
		734DD9D02AA7963A002C5D9E /* PBXTargetDependency */ = {
			isa = PBXTargetDependency;
			target = 734DD9AD2AA79639002C5D9E /* FirstProject */;
			targetProxy = 734DD9CF2AA7963A002C5D9E /* PBXContainerItemProxy */;
		};
/* End PBXTargetDependency section */

/* Begin PBXVariantGroup section */
		734DD9B72AA7963A002C5D9E /* Main.storyboard */ = {
			isa = PBXVariantGroup;
			children = (
				734DD9B82AA7963A002C5D9E /* Base */,
			);
			name = Main.storyboard;
			sourceTree = "<group>";
		};
		734DD9BC2AA7963A002C5D9E /* LaunchScreen.storyboard */ = {
			isa = PBXVariantGroup;
			children = (
				734DD9BD2AA7963A002C5D9E /* Base */,
			);
			name = LaunchScreen.storyboard;
			sourceTree = "<group>";
		};
/* End PBXVariantGroup section */

/* Begin XCBuildConfiguration section */
		734DD9D62AA7963A002C5D9E /* Debug */ = {
			isa = XCBuildConfiguration;
			buildSettings = {
				ALWAYS_SEARCH_USER_PATHS = NO;
				CLANG_ANALYZER_NONNULL = YES;
				CLANG_ANALYZER_NUMBER_OBJECT_CONVERSION = YES_AGGRESSIVE;
				CLANG_CXX_LANGUAGE_STANDARD = "gnu++20";
				CLANG_ENABLE_MODULES = YES;
				CLANG_ENABLE_OBJC_ARC = YES;
				CLANG_ENABLE_OBJC_WEAK = YES;
				CLANG_WARN_BLOCK_CAPTURE_AUTORELEASING = YES;
				CLANG_WARN_BOOL_CONVERSION = YES;
				CLANG_WARN_COMMA = YES;
				CLANG_WARN_CONSTANT_CONVERSION = YES;
				CLANG_WARN_DEPRECATED_OBJC_IMPLEMENTATIONS = YES;
				CLANG_WARN_DIRECT_OBJC_ISA_USAGE = YES_ERROR;
				CLANG_WARN_DOCUMENTATION_COMMENTS = YES;
				CLANG_WARN_EMPTY_BODY = YES;
				CLANG_WARN_ENUM_CONVERSION = YES;
				CLANG_WARN_INFINITE_RECURSION = YES;
				CLANG_WARN_INT_CONVERSION = YES;
				CLANG_WARN_NON_LITERAL_NULL_CONVERSION = YES;
				CLANG_WARN_OBJC_IMPLICIT_RETAIN_SELF = YES;
				CLANG_WARN_OBJC_LITERAL_CONVERSION = YES;
				CLANG_WARN_OBJC_ROOT_CLASS = YES_ERROR;
				CLANG_WARN_QUOTED_INCLUDE_IN_FRAMEWORK_HEADER = YES;
				CLANG_WARN_RANGE_LOOP_ANALYSIS = YES;
				CLANG_WARN_STRICT_PROTOTYPES = YES;
				CLANG_WARN_SUSPICIOUS_MOVE = YES;
				CLANG_WARN_UNGUARDED_AVAILABILITY = YES_AGGRESSIVE;
				CLANG_WARN_UNREACHABLE_CODE = YES;
				CLANG_WARN__DUPLICATE_METHOD_MATCH = YES;
				COPY_PHASE_STRIP = NO;
				DEBUG_INFORMATION_FORMAT = dwarf;
				ENABLE_STRICT_OBJC_MSGSEND = YES;
				ENABLE_TESTABILITY = YES;
				GCC_C_LANGUAGE_STANDARD = gnu11;
				GCC_DYNAMIC_NO_PIC = NO;
				GCC_NO_COMMON_BLOCKS = YES;
				GCC_OPTIMIZATION_LEVEL = 0;
				GCC_PREPROCESSOR_DEFINITIONS = (
					"DEBUG=1",
					"$(inherited)",
				);
				GCC_WARN_64_TO_32_BIT_CONVERSION = YES;
				GCC_WARN_ABOUT_RETURN_TYPE = YES_ERROR;
				GCC_WARN_UNDECLARED_SELECTOR = YES;
				GCC_WARN_UNINITIALIZED_AUTOS = YES_AGGRESSIVE;
				GCC_WARN_UNUSED_FUNCTION = YES;
				GCC_WARN_UNUSED_VARIABLE = YES;
				IPHONEOS_DEPLOYMENT_TARGET = 16.4;
				MTL_ENABLE_DEBUG_INFO = INCLUDE_SOURCE;
				MTL_FAST_MATH = YES;
				ONLY_ACTIVE_ARCH = YES;
				SDKROOT = iphoneos;
				SWIFT_ACTIVE_COMPILATION_CONDITIONS = DEBUG;
				SWIFT_OPTIMIZATION_LEVEL = "-Onone";
			};
			name = Debug;
		};
		734DD9D72AA7963A002C5D9E /* Release */ = {
			isa = XCBuildConfiguration;
			buildSettings = {
				ALWAYS_SEARCH_USER_PATHS = NO;
				CLANG_ANALYZER_NONNULL = YES;
				CLANG_ANALYZER_NUMBER_OBJECT_CONVERSION = YES_AGGRESSIVE;
				CLANG_CXX_LANGUAGE_STANDARD = "gnu++20";
				CLANG_ENABLE_MODULES = YES;
				CLANG_ENABLE_OBJC_ARC = YES;
				CLANG_ENABLE_OBJC_WEAK = YES;
				CLANG_WARN_BLOCK_CAPTURE_AUTORELEASING = YES;
				CLANG_WARN_BOOL_CONVERSION = YES;
				CLANG_WARN_COMMA = YES;
				CLANG_WARN_CONSTANT_CONVERSION = YES;
				CLANG_WARN_DEPRECATED_OBJC_IMPLEMENTATIONS = YES;
				CLANG_WARN_DIRECT_OBJC_ISA_USAGE = YES_ERROR;
				CLANG_WARN_DOCUMENTATION_COMMENTS = YES;
				CLANG_WARN_EMPTY_BODY = YES;
				CLANG_WARN_ENUM_CONVERSION = YES;
				CLANG_WARN_INFINITE_RECURSION = YES;
				CLANG_WARN_INT_CONVERSION = YES;
				CLANG_WARN_NON_LITERAL_NULL_CONVERSION = YES;
				CLANG_WARN_OBJC_IMPLICIT_RETAIN_SELF = YES;
				CLANG_WARN_OBJC_LITERAL_CONVERSION = YES;
				CLANG_WARN_OBJC_ROOT_CLASS = YES_ERROR;
				CLANG_WARN_QUOTED_INCLUDE_IN_FRAMEWORK_HEADER = YES;
				CLANG_WARN_RANGE_LOOP_ANALYSIS = YES;
				CLANG_WARN_STRICT_PROTOTYPES = YES;
				CLANG_WARN_SUSPICIOUS_MOVE = YES;
				CLANG_WARN_UNGUARDED_AVAILABILITY = YES_AGGRESSIVE;
				CLANG_WARN_UNREACHABLE_CODE = YES;
				CLANG_WARN__DUPLICATE_METHOD_MATCH = YES;
				COPY_PHASE_STRIP = NO;
				DEBUG_INFORMATION_FORMAT = "dwarf-with-dsym";
				ENABLE_NS_ASSERTIONS = NO;
				ENABLE_STRICT_OBJC_MSGSEND = YES;
				GCC_C_LANGUAGE_STANDARD = gnu11;
				GCC_NO_COMMON_BLOCKS = YES;
				GCC_WARN_64_TO_32_BIT_CONVERSION = YES;
				GCC_WARN_ABOUT_RETURN_TYPE = YES_ERROR;
				GCC_WARN_UNDECLARED_SELECTOR = YES;
				GCC_WARN_UNINITIALIZED_AUTOS = YES_AGGRESSIVE;
				GCC_WARN_UNUSED_FUNCTION = YES;
				GCC_WARN_UNUSED_VARIABLE = YES;
				IPHONEOS_DEPLOYMENT_TARGET = 16.4;
				MTL_ENABLE_DEBUG_INFO = NO;
				MTL_FAST_MATH = YES;
				SDKROOT = iphoneos;
				SWIFT_COMPILATION_MODE = wholemodule;
				SWIFT_OPTIMIZATION_LEVEL = "-O";
				VALIDATE_PRODUCT = YES;
			};
			name = Release;
		};
		734DD9D92AA7963A002C5D9E /* Debug */ = {
			isa = XCBuildConfiguration;
			buildSettings = {
				ASSETCATALOG_COMPILER_APPICON_NAME = AppIcon;
				ASSETCATALOG_COMPILER_GLOBAL_ACCENT_COLOR_NAME = AccentColor;
				CLANG_ENABLE_MODULES = YES;
				CODE_SIGN_STYLE = Automatic;
				CURRENT_PROJECT_VERSION = 1;
				GENERATE_INFOPLIST_FILE = YES;
				INFOPLIST_FILE = FirstProject/Info.plist;
				INFOPLIST_KEY_UIApplicationSupportsIndirectInputEvents = YES;
				INFOPLIST_KEY_UILaunchStoryboardName = LaunchScreen;
				INFOPLIST_KEY_UIMainStoryboardFile = Main;
				INFOPLIST_KEY_UISupportedInterfaceOrientations_iPad = "UIInterfaceOrientationPortrait UIInterfaceOrientationPortraitUpsideDown UIInterfaceOrientationLandscapeLeft UIInterfaceOrientationLandscapeRight";
				INFOPLIST_KEY_UISupportedInterfaceOrientations_iPhone = "UIInterfaceOrientationPortrait UIInterfaceOrientationLandscapeLeft UIInterfaceOrientationLandscapeRight";
				LD_RUNPATH_SEARCH_PATHS = (
					"$(inherited)",
					"@executable_path/Frameworks",
				);
				MARKETING_VERSION = 1.0;
				PRODUCT_BUNDLE_IDENTIFIER = SMUMSLC.FirstProject;
				PRODUCT_NAME = "$(TARGET_NAME)";
				SWIFT_EMIT_LOC_STRINGS = YES;
				SWIFT_OBJC_BRIDGING_HEADER = "FirstProject/FirstProject-Bridging-Header.h";
				SWIFT_OPTIMIZATION_LEVEL = "-Onone";
				SWIFT_VERSION = 5.0;
				TARGETED_DEVICE_FAMILY = "1,2";
			};
			name = Debug;
		};
		734DD9DA2AA7963A002C5D9E /* Release */ = {
			isa = XCBuildConfiguration;
			buildSettings = {
				ASSETCATALOG_COMPILER_APPICON_NAME = AppIcon;
				ASSETCATALOG_COMPILER_GLOBAL_ACCENT_COLOR_NAME = AccentColor;
				CLANG_ENABLE_MODULES = YES;
				CODE_SIGN_STYLE = Automatic;
				CURRENT_PROJECT_VERSION = 1;
				GENERATE_INFOPLIST_FILE = YES;
				INFOPLIST_FILE = FirstProject/Info.plist;
				INFOPLIST_KEY_UIApplicationSupportsIndirectInputEvents = YES;
				INFOPLIST_KEY_UILaunchStoryboardName = LaunchScreen;
				INFOPLIST_KEY_UIMainStoryboardFile = Main;
				INFOPLIST_KEY_UISupportedInterfaceOrientations_iPad = "UIInterfaceOrientationPortrait UIInterfaceOrientationPortraitUpsideDown UIInterfaceOrientationLandscapeLeft UIInterfaceOrientationLandscapeRight";
				INFOPLIST_KEY_UISupportedInterfaceOrientations_iPhone = "UIInterfaceOrientationPortrait UIInterfaceOrientationLandscapeLeft UIInterfaceOrientationLandscapeRight";
				LD_RUNPATH_SEARCH_PATHS = (
					"$(inherited)",
					"@executable_path/Frameworks",
				);
				MARKETING_VERSION = 1.0;
				PRODUCT_BUNDLE_IDENTIFIER = SMUMSLC.FirstProject;
				PRODUCT_NAME = "$(TARGET_NAME)";
				SWIFT_EMIT_LOC_STRINGS = YES;
				SWIFT_OBJC_BRIDGING_HEADER = "FirstProject/FirstProject-Bridging-Header.h";
				SWIFT_VERSION = 5.0;
				TARGETED_DEVICE_FAMILY = "1,2";
			};
			name = Release;
		};
		734DD9DC2AA7963A002C5D9E /* Debug */ = {
			isa = XCBuildConfiguration;
			buildSettings = {
				ALWAYS_EMBED_SWIFT_STANDARD_LIBRARIES = YES;
				BUNDLE_LOADER = "$(TEST_HOST)";
				CODE_SIGN_STYLE = Automatic;
				CURRENT_PROJECT_VERSION = 1;
				GENERATE_INFOPLIST_FILE = YES;
				IPHONEOS_DEPLOYMENT_TARGET = 16.4;
				MARKETING_VERSION = 1.0;
				PRODUCT_BUNDLE_IDENTIFIER = SMUMSLC.FirstProjectTests;
				PRODUCT_NAME = "$(TARGET_NAME)";
				SWIFT_EMIT_LOC_STRINGS = NO;
				SWIFT_VERSION = 5.0;
				TARGETED_DEVICE_FAMILY = "1,2";
				TEST_HOST = "$(BUILT_PRODUCTS_DIR)/FirstProject.app/$(BUNDLE_EXECUTABLE_FOLDER_PATH)/FirstProject";
			};
			name = Debug;
		};
		734DD9DD2AA7963A002C5D9E /* Release */ = {
			isa = XCBuildConfiguration;
			buildSettings = {
				ALWAYS_EMBED_SWIFT_STANDARD_LIBRARIES = YES;
				BUNDLE_LOADER = "$(TEST_HOST)";
				CODE_SIGN_STYLE = Automatic;
				CURRENT_PROJECT_VERSION = 1;
				GENERATE_INFOPLIST_FILE = YES;
				IPHONEOS_DEPLOYMENT_TARGET = 16.4;
				MARKETING_VERSION = 1.0;
				PRODUCT_BUNDLE_IDENTIFIER = SMUMSLC.FirstProjectTests;
				PRODUCT_NAME = "$(TARGET_NAME)";
				SWIFT_EMIT_LOC_STRINGS = NO;
				SWIFT_VERSION = 5.0;
				TARGETED_DEVICE_FAMILY = "1,2";
				TEST_HOST = "$(BUILT_PRODUCTS_DIR)/FirstProject.app/$(BUNDLE_EXECUTABLE_FOLDER_PATH)/FirstProject";
			};
			name = Release;
		};
		734DD9DF2AA7963A002C5D9E /* Debug */ = {
			isa = XCBuildConfiguration;
			buildSettings = {
				ALWAYS_EMBED_SWIFT_STANDARD_LIBRARIES = YES;
				CODE_SIGN_STYLE = Automatic;
				CURRENT_PROJECT_VERSION = 1;
				GENERATE_INFOPLIST_FILE = YES;
				MARKETING_VERSION = 1.0;
				PRODUCT_BUNDLE_IDENTIFIER = SMUMSLC.FirstProjectUITests;
				PRODUCT_NAME = "$(TARGET_NAME)";
				SWIFT_EMIT_LOC_STRINGS = NO;
				SWIFT_VERSION = 5.0;
				TARGETED_DEVICE_FAMILY = "1,2";
				TEST_TARGET_NAME = FirstProject;
			};
			name = Debug;
		};
		734DD9E02AA7963A002C5D9E /* Release */ = {
			isa = XCBuildConfiguration;
			buildSettings = {
				ALWAYS_EMBED_SWIFT_STANDARD_LIBRARIES = YES;
				CODE_SIGN_STYLE = Automatic;
				CURRENT_PROJECT_VERSION = 1;
				GENERATE_INFOPLIST_FILE = YES;
				MARKETING_VERSION = 1.0;
				PRODUCT_BUNDLE_IDENTIFIER = SMUMSLC.FirstProjectUITests;
				PRODUCT_NAME = "$(TARGET_NAME)";
				SWIFT_EMIT_LOC_STRINGS = NO;
				SWIFT_VERSION = 5.0;
				TARGETED_DEVICE_FAMILY = "1,2";
				TEST_TARGET_NAME = FirstProject;
			};
			name = Release;
		};
/* End XCBuildConfiguration section */

/* Begin XCConfigurationList section */
		734DD9A92AA79639002C5D9E /* Build configuration list for PBXProject "FirstProject" */ = {
			isa = XCConfigurationList;
			buildConfigurations = (
				734DD9D62AA7963A002C5D9E /* Debug */,
				734DD9D72AA7963A002C5D9E /* Release */,
			);
			defaultConfigurationIsVisible = 0;
			defaultConfigurationName = Release;
		};
		734DD9D82AA7963A002C5D9E /* Build configuration list for PBXNativeTarget "FirstProject" */ = {
			isa = XCConfigurationList;
			buildConfigurations = (
				734DD9D92AA7963A002C5D9E /* Debug */,
				734DD9DA2AA7963A002C5D9E /* Release */,
			);
			defaultConfigurationIsVisible = 0;
			defaultConfigurationName = Release;
		};
		734DD9DB2AA7963A002C5D9E /* Build configuration list for PBXNativeTarget "FirstProjectTests" */ = {
			isa = XCConfigurationList;
			buildConfigurations = (
				734DD9DC2AA7963A002C5D9E /* Debug */,
				734DD9DD2AA7963A002C5D9E /* Release */,
			);
			defaultConfigurationIsVisible = 0;
			defaultConfigurationName = Release;
		};
		734DD9DE2AA7963A002C5D9E /* Build configuration list for PBXNativeTarget "FirstProjectUITests" */ = {
			isa = XCConfigurationList;
			buildConfigurations = (
				734DD9DF2AA7963A002C5D9E /* Debug */,
				734DD9E02AA7963A002C5D9E /* Release */,
			);
			defaultConfigurationIsVisible = 0;
			defaultConfigurationName = Release;
		};
/* End XCConfigurationList section */
	};
	rootObject = 734DD9A62AA79639002C5D9E /* Project object */;
}
